
Microsoft Visual Studio Solution File, Format Version 12.00
# Visual Studio Version 16
VisualStudioVersion = 16.0.32802.440
MinimumVisualStudioVersion = 10.0.40219.1
Project("{FAE04EC0-301F-11D3-BF4B-00C04F79EFBC}") = "Ejercicio3y4", "Ejercicio3y4\Ejercicio3y4.csproj", "{5E8D298E-B26D-4161-BC8F-EF71D3B614DD}"
EndProject
Global
	GlobalSection(SolutionConfigurationPlatforms) = preSolution
		Debug|Any CPU = Debug|Any CPU
		Release|Any CPU = Release|Any CPU
	EndGlobalSection
	GlobalSection(ProjectConfigurationPlatforms) = postSolution
		{5E8D298E-B26D-4161-BC8F-EF71D3B614DD}.Debug|Any CPU.ActiveCfg = Debug|Any CPU
		{5E8D298E-B26D-4161-BC8F-EF71D3B614DD}.Debug|Any CPU.Build.0 = Debug|Any CPU
		{5E8D298E-B26D-4161-BC8F-EF71D3B614DD}.Release|Any CPU.ActiveCfg = Release|Any CPU
		{5E8D298E-B26D-4161-BC8F-EF71D3B614DD}.Release|Any CPU.Build.0 = Release|Any CPU
	EndGlobalSection
	GlobalSection(SolutionProperties) = preSolution
		HideSolutionNode = FALSE
	EndGlobalSection
	GlobalSection(ExtensibilityGlobals) = postSolution
		SolutionGuid = {5A844875-AA2D-4ED7-B3D1-61C61CEFECB5}
	EndGlobalSection
EndGlobal
